// !$*UTF8*$!
{
	archiveVersion = 1;
	classes = {
	};
	objectVersion = 51;
	objects = {

/* Begin PBXBuildFile section */
		8752522D8ED9671963AFBE0D /* Pods_SEES.framework in Frameworks */ = {isa = PBXBuildFile; fileRef = FB293462A91E2B75DA431EF0 /* Pods_SEES.framework */; };
		EE025286256B3B1400E7047A /* SEESMessageView.swift in Sources */ = {isa = PBXBuildFile; fileRef = EE025285256B3B1400E7047A /* SEESMessageView.swift */; };
		EE06F58F2565FC3B0044CC27 /* UIHelper.swift in Sources */ = {isa = PBXBuildFile; fileRef = EE06F58E2565FC3B0044CC27 /* UIHelper.swift */; };
		EE06F5932566034A0044CC27 /* HomeCell.swift in Sources */ = {isa = PBXBuildFile; fileRef = EE06F5922566034A0044CC27 /* HomeCell.swift */; };
		EE06F597256604630044CC27 /* HomeHeader.swift in Sources */ = {isa = PBXBuildFile; fileRef = EE06F596256604630044CC27 /* HomeHeader.swift */; };
		EE06F59B256607240044CC27 /* HomeItem.swift in Sources */ = {isa = PBXBuildFile; fileRef = EE06F59A256607240044CC27 /* HomeItem.swift */; };
		EE06F59E2566255B0044CC27 /* SEESTitleLabel.swift in Sources */ = {isa = PBXBuildFile; fileRef = EE06F59D2566255B0044CC27 /* SEESTitleLabel.swift */; };
		EE0C0C94257498AC00591B89 /* SEESMapView.swift in Sources */ = {isa = PBXBuildFile; fileRef = EE0C0C93257498AC00591B89 /* SEESMapView.swift */; };
		EE122C16256DDD9400D11454 /* Student.swift in Sources */ = {isa = PBXBuildFile; fileRef = EE122C15256DDD9400D11454 /* Student.swift */; };
		EE122C22256E0BD900D11454 /* PersistenceManager.swift in Sources */ = {isa = PBXBuildFile; fileRef = EE122C21256E0BD900D11454 /* PersistenceManager.swift */; };
		EE31AB1D25704CD7009F51D8 /* MajorTableViewController.swift in Sources */ = {isa = PBXBuildFile; fileRef = EE31AB1C25704CD7009F51D8 /* MajorTableViewController.swift */; };
		EE47B574256F0883007AE9D8 /* Major.swift in Sources */ = {isa = PBXBuildFile; fileRef = EE47B573256F0883007AE9D8 /* Major.swift */; };
		EE594EF325720C370053A47E /* Event.swift in Sources */ = {isa = PBXBuildFile; fileRef = EE594EF225720C370053A47E /* Event.swift */; };
		EE61809325620C80000283B9 /* SEESBodyLabel.swift in Sources */ = {isa = PBXBuildFile; fileRef = EE61809225620C80000283B9 /* SEESBodyLabel.swift */; };
		EE61809825621154000283B9 /* NetworkManager.swift in Sources */ = {isa = PBXBuildFile; fileRef = EE61809725621154000283B9 /* NetworkManager.swift */; };
		EE61809C25622560000283B9 /* UIViewControllerExt.swift in Sources */ = {isa = PBXBuildFile; fileRef = EE61809B25622560000283B9 /* UIViewControllerExt.swift */; };
		EE61809F2562278D000283B9 /* Enums.swift in Sources */ = {isa = PBXBuildFile; fileRef = EE61809E2562278D000283B9 /* Enums.swift */; };
		EE7BA660256090FE005126D2 /* SEESTextField.swift in Sources */ = {isa = PBXBuildFile; fileRef = EE7BA65F256090FE005126D2 /* SEESTextField.swift */; };
		EE7BA664256095A2005126D2 /* SEESButton.swift in Sources */ = {isa = PBXBuildFile; fileRef = EE7BA663256095A2005126D2 /* SEESButton.swift */; };
		EE7BA66925609FCC005126D2 /* NSRegularExpressionExt.swift in Sources */ = {isa = PBXBuildFile; fileRef = EE7BA66725609FCC005126D2 /* NSRegularExpressionExt.swift */; };
		EE7BA66A25609FCC005126D2 /* StringExt.swift in Sources */ = {isa = PBXBuildFile; fileRef = EE7BA66825609FCC005126D2 /* StringExt.swift */; };
		EE9B976E2571847A0088A593 /* CalendarGridVC.swift in Sources */ = {isa = PBXBuildFile; fileRef = EE9B976D2571847A0088A593 /* CalendarGridVC.swift */; };
		EE9B9771257184970088A593 /* CalendarListVC.swift in Sources */ = {isa = PBXBuildFile; fileRef = EE9B9770257184970088A593 /* CalendarListVC.swift */; };
		EEA590D3255F5E4A00B8F856 /* AppDelegate.swift in Sources */ = {isa = PBXBuildFile; fileRef = EEA590D2255F5E4A00B8F856 /* AppDelegate.swift */; };
		EEA590D5255F5E4A00B8F856 /* SceneDelegate.swift in Sources */ = {isa = PBXBuildFile; fileRef = EEA590D4255F5E4A00B8F856 /* SceneDelegate.swift */; };
		EEA590DC255F5E4E00B8F856 /* Assets.xcassets in Resources */ = {isa = PBXBuildFile; fileRef = EEA590DB255F5E4E00B8F856 /* Assets.xcassets */; };
		EEA590DF255F5E4E00B8F856 /* LaunchScreen.storyboard in Resources */ = {isa = PBXBuildFile; fileRef = EEA590DD255F5E4E00B8F856 /* LaunchScreen.storyboard */; };
		EEA590EB255F5EC700B8F856 /* GoogleService-Info.plist in Resources */ = {isa = PBXBuildFile; fileRef = EEA590EA255F5EC700B8F856 /* GoogleService-Info.plist */; };
		EEA59113255F72CD00B8F856 /* UIViewExtension.swift in Sources */ = {isa = PBXBuildFile; fileRef = EEA59112255F72CD00B8F856 /* UIViewExtension.swift */; };
		EEA59117255F73DF00B8F856 /* MainTabBarController.swift in Sources */ = {isa = PBXBuildFile; fileRef = EEA59116255F73DF00B8F856 /* MainTabBarController.swift */; };
		EEA5912C255F79E800B8F856 /* LoginViewController.swift in Sources */ = {isa = PBXBuildFile; fileRef = EEA5912B255F79E800B8F856 /* LoginViewController.swift */; };
		EEA59130255F7A0900B8F856 /* HomeCollectionViewController.swift in Sources */ = {isa = PBXBuildFile; fileRef = EEA5912F255F7A0900B8F856 /* HomeCollectionViewController.swift */; };
		EEA59133255F7A1400B8F856 /* EventsViewController.swift in Sources */ = {isa = PBXBuildFile; fileRef = EEA59132255F7A1400B8F856 /* EventsViewController.swift */; };
		EEA59136255F7A2000B8F856 /* ContactCollectionViewController.swift in Sources */ = {isa = PBXBuildFile; fileRef = EEA59135255F7A2000B8F856 /* ContactCollectionViewController.swift */; };
		EEA5913B255F881400B8F856 /* SEESLogoImageView.swift in Sources */ = {isa = PBXBuildFile; fileRef = EEA5913A255F881400B8F856 /* SEESLogoImageView.swift */; };
		EEB49B38257317BE004FECDE /* DateExt.swift in Sources */ = {isa = PBXBuildFile; fileRef = EEB49B37257317BE004FECDE /* DateExt.swift */; };
		EEB49B3B2573285D004FECDE /* EventDetailViewController.swift in Sources */ = {isa = PBXBuildFile; fileRef = EEB49B3A2573285D004FECDE /* EventDetailViewController.swift */; };
		EEDC62212576FA42008DF73B /* AcademicAdvisingVC.swift in Sources */ = {isa = PBXBuildFile; fileRef = EEDC62202576FA42008DF73B /* AcademicAdvisingVC.swift */; };
		EEF4A6E82575FBA000D8F72B /* SEESMapButton.swift in Sources */ = {isa = PBXBuildFile; fileRef = EEF4A6E72575FBA000D8F72B /* SEESMapButton.swift */; };
/* End PBXBuildFile section */

/* Begin PBXFileReference section */
		73006512DD1B120087C2ECDF /* Pods-SEES.release.xcconfig */ = {isa = PBXFileReference; includeInIndex = 1; lastKnownFileType = text.xcconfig; name = "Pods-SEES.release.xcconfig"; path = "Target Support Files/Pods-SEES/Pods-SEES.release.xcconfig"; sourceTree = "<group>"; };
		E45E24FFEC3B10333A34C4F7 /* Pods-SEES.debug.xcconfig */ = {isa = PBXFileReference; includeInIndex = 1; lastKnownFileType = text.xcconfig; name = "Pods-SEES.debug.xcconfig"; path = "Target Support Files/Pods-SEES/Pods-SEES.debug.xcconfig"; sourceTree = "<group>"; };
		EE025285256B3B1400E7047A /* SEESMessageView.swift */ = {isa = PBXFileReference; lastKnownFileType = sourcecode.swift; path = SEESMessageView.swift; sourceTree = "<group>"; };
		EE06F58E2565FC3B0044CC27 /* UIHelper.swift */ = {isa = PBXFileReference; lastKnownFileType = sourcecode.swift; path = UIHelper.swift; sourceTree = "<group>"; };
		EE06F5922566034A0044CC27 /* HomeCell.swift */ = {isa = PBXFileReference; lastKnownFileType = sourcecode.swift; path = HomeCell.swift; sourceTree = "<group>"; };
		EE06F596256604630044CC27 /* HomeHeader.swift */ = {isa = PBXFileReference; lastKnownFileType = sourcecode.swift; path = HomeHeader.swift; sourceTree = "<group>"; };
		EE06F59A256607240044CC27 /* HomeItem.swift */ = {isa = PBXFileReference; lastKnownFileType = sourcecode.swift; path = HomeItem.swift; sourceTree = "<group>"; };
		EE06F59D2566255B0044CC27 /* SEESTitleLabel.swift */ = {isa = PBXFileReference; lastKnownFileType = sourcecode.swift; path = SEESTitleLabel.swift; sourceTree = "<group>"; };
		EE0C0C93257498AC00591B89 /* SEESMapView.swift */ = {isa = PBXFileReference; fileEncoding = 4; lastKnownFileType = sourcecode.swift; path = SEESMapView.swift; sourceTree = "<group>"; };
		EE122C15256DDD9400D11454 /* Student.swift */ = {isa = PBXFileReference; lastKnownFileType = sourcecode.swift; path = Student.swift; sourceTree = "<group>"; };
		EE122C21256E0BD900D11454 /* PersistenceManager.swift */ = {isa = PBXFileReference; lastKnownFileType = sourcecode.swift; path = PersistenceManager.swift; sourceTree = "<group>"; };
		EE31AB1C25704CD7009F51D8 /* MajorTableViewController.swift */ = {isa = PBXFileReference; lastKnownFileType = sourcecode.swift; path = MajorTableViewController.swift; sourceTree = "<group>"; };
		EE47B573256F0883007AE9D8 /* Major.swift */ = {isa = PBXFileReference; lastKnownFileType = sourcecode.swift; path = Major.swift; sourceTree = "<group>"; };
		EE594EF225720C370053A47E /* Event.swift */ = {isa = PBXFileReference; lastKnownFileType = sourcecode.swift; path = Event.swift; sourceTree = "<group>"; };
		EE61809225620C80000283B9 /* SEESBodyLabel.swift */ = {isa = PBXFileReference; lastKnownFileType = sourcecode.swift; path = SEESBodyLabel.swift; sourceTree = "<group>"; };
		EE61809725621154000283B9 /* NetworkManager.swift */ = {isa = PBXFileReference; lastKnownFileType = sourcecode.swift; path = NetworkManager.swift; sourceTree = "<group>"; };
		EE61809B25622560000283B9 /* UIViewControllerExt.swift */ = {isa = PBXFileReference; lastKnownFileType = sourcecode.swift; path = UIViewControllerExt.swift; sourceTree = "<group>"; };
		EE61809E2562278D000283B9 /* Enums.swift */ = {isa = PBXFileReference; lastKnownFileType = sourcecode.swift; path = Enums.swift; sourceTree = "<group>"; };
		EE7BA65F256090FE005126D2 /* SEESTextField.swift */ = {isa = PBXFileReference; lastKnownFileType = sourcecode.swift; path = SEESTextField.swift; sourceTree = "<group>"; };
		EE7BA663256095A2005126D2 /* SEESButton.swift */ = {isa = PBXFileReference; lastKnownFileType = sourcecode.swift; path = SEESButton.swift; sourceTree = "<group>"; };
		EE7BA66725609FCC005126D2 /* NSRegularExpressionExt.swift */ = {isa = PBXFileReference; fileEncoding = 4; lastKnownFileType = sourcecode.swift; path = NSRegularExpressionExt.swift; sourceTree = "<group>"; };
		EE7BA66825609FCC005126D2 /* StringExt.swift */ = {isa = PBXFileReference; fileEncoding = 4; lastKnownFileType = sourcecode.swift; path = StringExt.swift; sourceTree = "<group>"; };
		EE9B976D2571847A0088A593 /* CalendarGridVC.swift */ = {isa = PBXFileReference; lastKnownFileType = sourcecode.swift; path = CalendarGridVC.swift; sourceTree = "<group>"; };
		EE9B9770257184970088A593 /* CalendarListVC.swift */ = {isa = PBXFileReference; lastKnownFileType = sourcecode.swift; path = CalendarListVC.swift; sourceTree = "<group>"; };
		EEA590CF255F5E4A00B8F856 /* SEES.app */ = {isa = PBXFileReference; explicitFileType = wrapper.application; includeInIndex = 0; path = SEES.app; sourceTree = BUILT_PRODUCTS_DIR; };
		EEA590D2255F5E4A00B8F856 /* AppDelegate.swift */ = {isa = PBXFileReference; lastKnownFileType = sourcecode.swift; path = AppDelegate.swift; sourceTree = "<group>"; };
		EEA590D4255F5E4A00B8F856 /* SceneDelegate.swift */ = {isa = PBXFileReference; lastKnownFileType = sourcecode.swift; path = SceneDelegate.swift; sourceTree = "<group>"; };
		EEA590DB255F5E4E00B8F856 /* Assets.xcassets */ = {isa = PBXFileReference; lastKnownFileType = folder.assetcatalog; path = Assets.xcassets; sourceTree = "<group>"; };
		EEA590DE255F5E4E00B8F856 /* Base */ = {isa = PBXFileReference; lastKnownFileType = file.storyboard; name = Base; path = Base.lproj/LaunchScreen.storyboard; sourceTree = "<group>"; };
		EEA590E0255F5E4E00B8F856 /* Info.plist */ = {isa = PBXFileReference; lastKnownFileType = text.plist.xml; path = Info.plist; sourceTree = "<group>"; };
		EEA590EA255F5EC700B8F856 /* GoogleService-Info.plist */ = {isa = PBXFileReference; fileEncoding = 4; lastKnownFileType = text.plist.xml; path = "GoogleService-Info.plist"; sourceTree = "<group>"; };
		EEA59112255F72CD00B8F856 /* UIViewExtension.swift */ = {isa = PBXFileReference; lastKnownFileType = sourcecode.swift; path = UIViewExtension.swift; sourceTree = "<group>"; };
		EEA59116255F73DF00B8F856 /* MainTabBarController.swift */ = {isa = PBXFileReference; lastKnownFileType = sourcecode.swift; path = MainTabBarController.swift; sourceTree = "<group>"; };
		EEA5912B255F79E800B8F856 /* LoginViewController.swift */ = {isa = PBXFileReference; lastKnownFileType = sourcecode.swift; path = LoginViewController.swift; sourceTree = "<group>"; };
		EEA5912F255F7A0900B8F856 /* HomeCollectionViewController.swift */ = {isa = PBXFileReference; lastKnownFileType = sourcecode.swift; path = HomeCollectionViewController.swift; sourceTree = "<group>"; };
		EEA59132255F7A1400B8F856 /* EventsViewController.swift */ = {isa = PBXFileReference; lastKnownFileType = sourcecode.swift; path = EventsViewController.swift; sourceTree = "<group>"; };
		EEA59135255F7A2000B8F856 /* ContactCollectionViewController.swift */ = {isa = PBXFileReference; lastKnownFileType = sourcecode.swift; path = ContactCollectionViewController.swift; sourceTree = "<group>"; };
		EEA5913A255F881400B8F856 /* SEESLogoImageView.swift */ = {isa = PBXFileReference; lastKnownFileType = sourcecode.swift; path = SEESLogoImageView.swift; sourceTree = "<group>"; };
		EEB49B37257317BE004FECDE /* DateExt.swift */ = {isa = PBXFileReference; lastKnownFileType = sourcecode.swift; path = DateExt.swift; sourceTree = "<group>"; };
		EEB49B3A2573285D004FECDE /* EventDetailViewController.swift */ = {isa = PBXFileReference; lastKnownFileType = sourcecode.swift; path = EventDetailViewController.swift; sourceTree = "<group>"; };
		EEDC62202576FA42008DF73B /* AcademicAdvisingVC.swift */ = {isa = PBXFileReference; lastKnownFileType = sourcecode.swift; path = AcademicAdvisingVC.swift; sourceTree = "<group>"; };
		EEF4A6E72575FBA000D8F72B /* SEESMapButton.swift */ = {isa = PBXFileReference; lastKnownFileType = sourcecode.swift; path = SEESMapButton.swift; sourceTree = "<group>"; };
		FB293462A91E2B75DA431EF0 /* Pods_SEES.framework */ = {isa = PBXFileReference; explicitFileType = wrapper.framework; includeInIndex = 0; path = Pods_SEES.framework; sourceTree = BUILT_PRODUCTS_DIR; };
/* End PBXFileReference section */

/* Begin PBXFrameworksBuildPhase section */
		EEA590CC255F5E4A00B8F856 /* Frameworks */ = {
			isa = PBXFrameworksBuildPhase;
			buildActionMask = 2147483647;
			files = (
				8752522D8ED9671963AFBE0D /* Pods_SEES.framework in Frameworks */,
			);
			runOnlyForDeploymentPostprocessing = 0;
		};
/* End PBXFrameworksBuildPhase section */

/* Begin PBXGroup section */
		0BD64E0366F8BC72A334A79E /* Pods */ = {
			isa = PBXGroup;
			children = (
				E45E24FFEC3B10333A34C4F7 /* Pods-SEES.debug.xcconfig */,
				73006512DD1B120087C2ECDF /* Pods-SEES.release.xcconfig */,
			);
			path = Pods;
			sourceTree = "<group>";
		};
		0F3ABC64228771A334632A54 /* Frameworks */ = {
			isa = PBXGroup;
			children = (
				FB293462A91E2B75DA431EF0 /* Pods_SEES.framework */,
			);
			name = Frameworks;
			sourceTree = "<group>";
		};
		EE025284256B3AFB00E7047A /* Views */ = {
			isa = PBXGroup;
			children = (
				EE025285256B3B1400E7047A /* SEESMessageView.swift */,
				EE0C0C93257498AC00591B89 /* SEESMapView.swift */,
			);
			path = Views;
			sourceTree = "<group>";
		};
		EE06F58D2565FC230044CC27 /* Utilities */ = {
			isa = PBXGroup;
			children = (
				EE61809E2562278D000283B9 /* Enums.swift */,
				EE06F58E2565FC3B0044CC27 /* UIHelper.swift */,
			);
			path = Utilities;
			sourceTree = "<group>";
		};
		EE06F5912566032F0044CC27 /* Cells */ = {
			isa = PBXGroup;
			children = (
				EE06F5922566034A0044CC27 /* HomeCell.swift */,
				EE06F596256604630044CC27 /* HomeHeader.swift */,
			);
			path = Cells;
			sourceTree = "<group>";
		};
		EE06F599256606330044CC27 /* Models */ = {
			isa = PBXGroup;
			children = (
				EE06F59A256607240044CC27 /* HomeItem.swift */,
				EE122C15256DDD9400D11454 /* Student.swift */,
				EE47B573256F0883007AE9D8 /* Major.swift */,
				EE594EF225720C370053A47E /* Event.swift */,
			);
			path = Models;
			sourceTree = "<group>";
		};
		EE61809125620C64000283B9 /* Labels */ = {
			isa = PBXGroup;
			children = (
				EE61809225620C80000283B9 /* SEESBodyLabel.swift */,
				EE06F59D2566255B0044CC27 /* SEESTitleLabel.swift */,
			);
			path = Labels;
			sourceTree = "<group>";
		};
		EE61809625621142000283B9 /* Managers */ = {
			isa = PBXGroup;
			children = (
				EE61809725621154000283B9 /* NetworkManager.swift */,
				EE122C21256E0BD900D11454 /* PersistenceManager.swift */,
			);
			path = Managers;
			sourceTree = "<group>";
		};
		EE7BA65D256090BC005126D2 /* Image Views */ = {
			isa = PBXGroup;
			children = (
				EEA5913A255F881400B8F856 /* SEESLogoImageView.swift */,
			);
			path = "Image Views";
			sourceTree = "<group>";
		};
		EE7BA65E256090D1005126D2 /* Text Fields */ = {
			isa = PBXGroup;
			children = (
				EE7BA65F256090FE005126D2 /* SEESTextField.swift */,
			);
			path = "Text Fields";
			sourceTree = "<group>";
		};
		EE7BA6622560957F005126D2 /* Buttons */ = {
			isa = PBXGroup;
			children = (
				EE7BA663256095A2005126D2 /* SEESButton.swift */,
				EEF4A6E72575FBA000D8F72B /* SEESMapButton.swift */,
			);
			path = Buttons;
			sourceTree = "<group>";
		};
		EE9B9773257184A00088A593 /* Events */ = {
			isa = PBXGroup;
			children = (
				EEA59132255F7A1400B8F856 /* EventsViewController.swift */,
				EE9B976D2571847A0088A593 /* CalendarGridVC.swift */,
				EE9B9770257184970088A593 /* CalendarListVC.swift */,
				EEB49B3A2573285D004FECDE /* EventDetailViewController.swift */,
			);
			path = Events;
			sourceTree = "<group>";
		};
		EEA590C6255F5E4A00B8F856 = {
			isa = PBXGroup;
			children = (
				EEA590D1255F5E4A00B8F856 /* SEES */,
				EEA590D0255F5E4A00B8F856 /* Products */,
				0BD64E0366F8BC72A334A79E /* Pods */,
				0F3ABC64228771A334632A54 /* Frameworks */,
			);
			sourceTree = "<group>";
		};
		EEA590D0255F5E4A00B8F856 /* Products */ = {
			isa = PBXGroup;
			children = (
				EEA590CF255F5E4A00B8F856 /* SEES.app */,
			);
			name = Products;
			sourceTree = "<group>";
		};
		EEA590D1255F5E4A00B8F856 /* SEES */ = {
			isa = PBXGroup;
			children = (
				EEA5910F255F71DF00B8F856 /* Support */,
				EE06F599256606330044CC27 /* Models */,
				EE06F58D2565FC230044CC27 /* Utilities */,
				EEA59111255F72AA00B8F856 /* Extensions */,
				EE61809625621142000283B9 /* Managers */,
				EEA5912A255F792100B8F856 /* Screens */,
				EEA59139255F880100B8F856 /* Custom Views */,
				EEA590DB255F5E4E00B8F856 /* Assets.xcassets */,
				EEA590DD255F5E4E00B8F856 /* LaunchScreen.storyboard */,
				EEA590E0255F5E4E00B8F856 /* Info.plist */,
				EEA590EA255F5EC700B8F856 /* GoogleService-Info.plist */,
			);
			path = SEES;
			sourceTree = "<group>";
		};
		EEA5910F255F71DF00B8F856 /* Support */ = {
			isa = PBXGroup;
			children = (
				EEA590D2255F5E4A00B8F856 /* AppDelegate.swift */,
				EEA590D4255F5E4A00B8F856 /* SceneDelegate.swift */,
				EEA59116255F73DF00B8F856 /* MainTabBarController.swift */,
			);
			path = Support;
			sourceTree = "<group>";
		};
		EEA59111255F72AA00B8F856 /* Extensions */ = {
			isa = PBXGroup;
			children = (
				EEA59112255F72CD00B8F856 /* UIViewExtension.swift */,
				EE7BA66725609FCC005126D2 /* NSRegularExpressionExt.swift */,
				EE7BA66825609FCC005126D2 /* StringExt.swift */,
				EE61809B25622560000283B9 /* UIViewControllerExt.swift */,
				EEB49B37257317BE004FECDE /* DateExt.swift */,
			);
			path = Extensions;
			sourceTree = "<group>";
		};
		EEA5912A255F792100B8F856 /* Screens */ = {
			isa = PBXGroup;
			children = (
				EEA5912B255F79E800B8F856 /* LoginViewController.swift */,
				EEA5912F255F7A0900B8F856 /* HomeCollectionViewController.swift */,
				EE9B9773257184A00088A593 /* Events */,
				EEA59135255F7A2000B8F856 /* ContactCollectionViewController.swift */,
				EE31AB1C25704CD7009F51D8 /* MajorTableViewController.swift */,
				EEDC62202576FA42008DF73B /* AcademicAdvisingVC.swift */,
			);
			path = Screens;
			sourceTree = "<group>";
		};
		EEA59139255F880100B8F856 /* Custom Views */ = {
			isa = PBXGroup;
			children = (
				EE025284256B3AFB00E7047A /* Views */,
				EE06F5912566032F0044CC27 /* Cells */,
				EE61809125620C64000283B9 /* Labels */,
				EE7BA6622560957F005126D2 /* Buttons */,
				EE7BA65E256090D1005126D2 /* Text Fields */,
				EE7BA65D256090BC005126D2 /* Image Views */,
			);
			path = "Custom Views";
			sourceTree = "<group>";
		};
/* End PBXGroup section */

/* Begin PBXNativeTarget section */
		EEA590CE255F5E4A00B8F856 /* SEES */ = {
			isa = PBXNativeTarget;
			buildConfigurationList = EEA590E3255F5E4E00B8F856 /* Build configuration list for PBXNativeTarget "SEES" */;
			buildPhases = (
				3B4F127D2B48A85CD3EF6714 /* [CP] Check Pods Manifest.lock */,
				EEA590CB255F5E4A00B8F856 /* Sources */,
				EEA590CC255F5E4A00B8F856 /* Frameworks */,
				EEA590CD255F5E4A00B8F856 /* Resources */,
				BC4F1B8180521D843EED2AEC /* [CP] Embed Pods Frameworks */,
			);
			buildRules = (
			);
			dependencies = (
			);
			name = SEES;
			productName = SEES;
			productReference = EEA590CF255F5E4A00B8F856 /* SEES.app */;
			productType = "com.apple.product-type.application";
		};
/* End PBXNativeTarget section */

/* Begin PBXProject section */
		EEA590C7255F5E4A00B8F856 /* Project object */ = {
			isa = PBXProject;
			attributes = {
				LastSwiftUpdateCheck = 1220;
				LastUpgradeCheck = 1220;
				TargetAttributes = {
					EEA590CE255F5E4A00B8F856 = {
						CreatedOnToolsVersion = 12.2;
						LastSwiftMigration = 1220;
					};
				};
			};
			buildConfigurationList = EEA590CA255F5E4A00B8F856 /* Build configuration list for PBXProject "SEES" */;
			compatibilityVersion = "Xcode 9.3";
			developmentRegion = en;
			hasScannedForEncodings = 0;
			knownRegions = (
				en,
				Base,
			);
			mainGroup = EEA590C6255F5E4A00B8F856;
			productRefGroup = EEA590D0255F5E4A00B8F856 /* Products */;
			projectDirPath = "";
			projectRoot = "";
			targets = (
				EEA590CE255F5E4A00B8F856 /* SEES */,
			);
		};
/* End PBXProject section */

/* Begin PBXResourcesBuildPhase section */
		EEA590CD255F5E4A00B8F856 /* Resources */ = {
			isa = PBXResourcesBuildPhase;
			buildActionMask = 2147483647;
			files = (
				EEA590DF255F5E4E00B8F856 /* LaunchScreen.storyboard in Resources */,
				EEA590DC255F5E4E00B8F856 /* Assets.xcassets in Resources */,
				EEA590EB255F5EC700B8F856 /* GoogleService-Info.plist in Resources */,
			);
			runOnlyForDeploymentPostprocessing = 0;
		};
/* End PBXResourcesBuildPhase section */

/* Begin PBXShellScriptBuildPhase section */
		3B4F127D2B48A85CD3EF6714 /* [CP] Check Pods Manifest.lock */ = {
			isa = PBXShellScriptBuildPhase;
			buildActionMask = 2147483647;
			files = (
			);
			inputFileListPaths = (
			);
			inputPaths = (
				"${PODS_PODFILE_DIR_PATH}/Podfile.lock",
				"${PODS_ROOT}/Manifest.lock",
			);
			name = "[CP] Check Pods Manifest.lock";
			outputFileListPaths = (
			);
			outputPaths = (
				"$(DERIVED_FILE_DIR)/Pods-SEES-checkManifestLockResult.txt",
			);
			runOnlyForDeploymentPostprocessing = 0;
			shellPath = /bin/sh;
			shellScript = "diff \"${PODS_PODFILE_DIR_PATH}/Podfile.lock\" \"${PODS_ROOT}/Manifest.lock\" > /dev/null\nif [ $? != 0 ] ; then\n    # print error to STDERR\n    echo \"error: The sandbox is not in sync with the Podfile.lock. Run 'pod install' or update your CocoaPods installation.\" >&2\n    exit 1\nfi\n# This output is used by Xcode 'outputs' to avoid re-running this script phase.\necho \"SUCCESS\" > \"${SCRIPT_OUTPUT_FILE_0}\"\n";
			showEnvVarsInLog = 0;
		};
		BC4F1B8180521D843EED2AEC /* [CP] Embed Pods Frameworks */ = {
			isa = PBXShellScriptBuildPhase;
			buildActionMask = 2147483647;
			files = (
			);
			inputFileListPaths = (
				"${PODS_ROOT}/Target Support Files/Pods-SEES/Pods-SEES-frameworks-${CONFIGURATION}-input-files.xcfilelist",
			);
			name = "[CP] Embed Pods Frameworks";
			outputFileListPaths = (
				"${PODS_ROOT}/Target Support Files/Pods-SEES/Pods-SEES-frameworks-${CONFIGURATION}-output-files.xcfilelist",
			);
			runOnlyForDeploymentPostprocessing = 0;
			shellPath = /bin/sh;
			shellScript = "\"${PODS_ROOT}/Target Support Files/Pods-SEES/Pods-SEES-frameworks.sh\"\n";
			showEnvVarsInLog = 0;
		};
/* End PBXShellScriptBuildPhase section */

/* Begin PBXSourcesBuildPhase section */
		EEA590CB255F5E4A00B8F856 /* Sources */ = {
			isa = PBXSourcesBuildPhase;
			buildActionMask = 2147483647;
			files = (
				EE61809325620C80000283B9 /* SEESBodyLabel.swift in Sources */,
				EE122C22256E0BD900D11454 /* PersistenceManager.swift in Sources */,
				EEB49B38257317BE004FECDE /* DateExt.swift in Sources */,
				EEA5912C255F79E800B8F856 /* LoginViewController.swift in Sources */,
				EE025286256B3B1400E7047A /* SEESMessageView.swift in Sources */,
				EE594EF325720C370053A47E /* Event.swift in Sources */,
				EE06F5932566034A0044CC27 /* HomeCell.swift in Sources */,
				EE9B9771257184970088A593 /* CalendarListVC.swift in Sources */,
				EE61809C25622560000283B9 /* UIViewControllerExt.swift in Sources */,
				EE7BA66A25609FCC005126D2 /* StringExt.swift in Sources */,
				EE06F59E2566255B0044CC27 /* SEESTitleLabel.swift in Sources */,
				EE122C16256DDD9400D11454 /* Student.swift in Sources */,
				EEA590D3255F5E4A00B8F856 /* AppDelegate.swift in Sources */,
				EE06F58F2565FC3B0044CC27 /* UIHelper.swift in Sources */,
				EEB49B3B2573285D004FECDE /* EventDetailViewController.swift in Sources */,
				EE61809F2562278D000283B9 /* Enums.swift in Sources */,
				EE9B976E2571847A0088A593 /* CalendarGridVC.swift in Sources */,
				EEA5913B255F881400B8F856 /* SEESLogoImageView.swift in Sources */,
				EE06F597256604630044CC27 /* HomeHeader.swift in Sources */,
				EE7BA66925609FCC005126D2 /* NSRegularExpressionExt.swift in Sources */,
				EE47B574256F0883007AE9D8 /* Major.swift in Sources */,
				EE7BA660256090FE005126D2 /* SEESTextField.swift in Sources */,
				EE7BA664256095A2005126D2 /* SEESButton.swift in Sources */,
				EE06F59B256607240044CC27 /* HomeItem.swift in Sources */,
				EE0C0C94257498AC00591B89 /* SEESMapView.swift in Sources */,
				EEA59136255F7A2000B8F856 /* ContactCollectionViewController.swift in Sources */,
				EEA59117255F73DF00B8F856 /* MainTabBarController.swift in Sources */,
				EE31AB1D25704CD7009F51D8 /* MajorTableViewController.swift in Sources */,
				EEF4A6E82575FBA000D8F72B /* SEESMapButton.swift in Sources */,
				EEA59130255F7A0900B8F856 /* HomeCollectionViewController.swift in Sources */,
				EEA59113255F72CD00B8F856 /* UIViewExtension.swift in Sources */,
				EE61809825621154000283B9 /* NetworkManager.swift in Sources */,
				EEDC62212576FA42008DF73B /* AcademicAdvisingVC.swift in Sources */,
				EEA59133255F7A1400B8F856 /* EventsViewController.swift in Sources */,
				EEA590D5255F5E4A00B8F856 /* SceneDelegate.swift in Sources */,
			);
			runOnlyForDeploymentPostprocessing = 0;
		};
/* End PBXSourcesBuildPhase section */

/* Begin PBXVariantGroup section */
		EEA590DD255F5E4E00B8F856 /* LaunchScreen.storyboard */ = {
			isa = PBXVariantGroup;
			children = (
				EEA590DE255F5E4E00B8F856 /* Base */,
			);
			name = LaunchScreen.storyboard;
			sourceTree = "<group>";
		};
/* End PBXVariantGroup section */

/* Begin XCBuildConfiguration section */
		EEA590E1255F5E4E00B8F856 /* Debug */ = {
			isa = XCBuildConfiguration;
			buildSettings = {
				ALWAYS_SEARCH_USER_PATHS = NO;
				CLANG_ANALYZER_NONNULL = YES;
				CLANG_ANALYZER_NUMBER_OBJECT_CONVERSION = YES_AGGRESSIVE;
				CLANG_CXX_LANGUAGE_STANDARD = "gnu++14";
				CLANG_CXX_LIBRARY = "libc++";
				CLANG_ENABLE_MODULES = YES;
				CLANG_ENABLE_OBJC_ARC = YES;
				CLANG_ENABLE_OBJC_WEAK = YES;
				CLANG_WARN_BLOCK_CAPTURE_AUTORELEASING = YES;
				CLANG_WARN_BOOL_CONVERSION = YES;
				CLANG_WARN_COMMA = YES;
				CLANG_WARN_CONSTANT_CONVERSION = YES;
				CLANG_WARN_DEPRECATED_OBJC_IMPLEMENTATIONS = YES;
				CLANG_WARN_DIRECT_OBJC_ISA_USAGE = YES_ERROR;
				CLANG_WARN_DOCUMENTATION_COMMENTS = YES;
				CLANG_WARN_EMPTY_BODY = YES;
				CLANG_WARN_ENUM_CONVERSION = YES;
				CLANG_WARN_INFINITE_RECURSION = YES;
				CLANG_WARN_INT_CONVERSION = YES;
				CLANG_WARN_NON_LITERAL_NULL_CONVERSION = YES;
				CLANG_WARN_OBJC_IMPLICIT_RETAIN_SELF = YES;
				CLANG_WARN_OBJC_LITERAL_CONVERSION = YES;
				CLANG_WARN_OBJC_ROOT_CLASS = YES_ERROR;
				CLANG_WARN_QUOTED_INCLUDE_IN_FRAMEWORK_HEADER = YES;
				CLANG_WARN_RANGE_LOOP_ANALYSIS = YES;
				CLANG_WARN_STRICT_PROTOTYPES = YES;
				CLANG_WARN_SUSPICIOUS_MOVE = YES;
				CLANG_WARN_UNGUARDED_AVAILABILITY = YES_AGGRESSIVE;
				CLANG_WARN_UNREACHABLE_CODE = YES;
				CLANG_WARN__DUPLICATE_METHOD_MATCH = YES;
				COPY_PHASE_STRIP = NO;
				DEBUG_INFORMATION_FORMAT = dwarf;
				ENABLE_STRICT_OBJC_MSGSEND = YES;
				ENABLE_TESTABILITY = YES;
				GCC_C_LANGUAGE_STANDARD = gnu11;
				GCC_DYNAMIC_NO_PIC = NO;
				GCC_NO_COMMON_BLOCKS = YES;
				GCC_OPTIMIZATION_LEVEL = 0;
				GCC_PREPROCESSOR_DEFINITIONS = (
					"DEBUG=1",
					"$(inherited)",
				);
				GCC_WARN_64_TO_32_BIT_CONVERSION = YES;
				GCC_WARN_ABOUT_RETURN_TYPE = YES_ERROR;
				GCC_WARN_UNDECLARED_SELECTOR = YES;
				GCC_WARN_UNINITIALIZED_AUTOS = YES_AGGRESSIVE;
				GCC_WARN_UNUSED_FUNCTION = YES;
				GCC_WARN_UNUSED_VARIABLE = YES;
				IPHONEOS_DEPLOYMENT_TARGET = 14.2;
				MTL_ENABLE_DEBUG_INFO = INCLUDE_SOURCE;
				MTL_FAST_MATH = YES;
				ONLY_ACTIVE_ARCH = YES;
				SDKROOT = iphoneos;
				SWIFT_ACTIVE_COMPILATION_CONDITIONS = DEBUG;
				SWIFT_OPTIMIZATION_LEVEL = "-Onone";
			};
			name = Debug;
		};
		EEA590E2255F5E4E00B8F856 /* Release */ = {
			isa = XCBuildConfiguration;
			buildSettings = {
				ALWAYS_SEARCH_USER_PATHS = NO;
				CLANG_ANALYZER_NONNULL = YES;
				CLANG_ANALYZER_NUMBER_OBJECT_CONVERSION = YES_AGGRESSIVE;
				CLANG_CXX_LANGUAGE_STANDARD = "gnu++14";
				CLANG_CXX_LIBRARY = "libc++";
				CLANG_ENABLE_MODULES = YES;
				CLANG_ENABLE_OBJC_ARC = YES;
				CLANG_ENABLE_OBJC_WEAK = YES;
				CLANG_WARN_BLOCK_CAPTURE_AUTORELEASING = YES;
				CLANG_WARN_BOOL_CONVERSION = YES;
				CLANG_WARN_COMMA = YES;
				CLANG_WARN_CONSTANT_CONVERSION = YES;
				CLANG_WARN_DEPRECATED_OBJC_IMPLEMENTATIONS = YES;
				CLANG_WARN_DIRECT_OBJC_ISA_USAGE = YES_ERROR;
				CLANG_WARN_DOCUMENTATION_COMMENTS = YES;
				CLANG_WARN_EMPTY_BODY = YES;
				CLANG_WARN_ENUM_CONVERSION = YES;
				CLANG_WARN_INFINITE_RECURSION = YES;
				CLANG_WARN_INT_CONVERSION = YES;
				CLANG_WARN_NON_LITERAL_NULL_CONVERSION = YES;
				CLANG_WARN_OBJC_IMPLICIT_RETAIN_SELF = YES;
				CLANG_WARN_OBJC_LITERAL_CONVERSION = YES;
				CLANG_WARN_OBJC_ROOT_CLASS = YES_ERROR;
				CLANG_WARN_QUOTED_INCLUDE_IN_FRAMEWORK_HEADER = YES;
				CLANG_WARN_RANGE_LOOP_ANALYSIS = YES;
				CLANG_WARN_STRICT_PROTOTYPES = YES;
				CLANG_WARN_SUSPICIOUS_MOVE = YES;
				CLANG_WARN_UNGUARDED_AVAILABILITY = YES_AGGRESSIVE;
				CLANG_WARN_UNREACHABLE_CODE = YES;
				CLANG_WARN__DUPLICATE_METHOD_MATCH = YES;
				COPY_PHASE_STRIP = NO;
				DEBUG_INFORMATION_FORMAT = "dwarf-with-dsym";
				ENABLE_NS_ASSERTIONS = NO;
				ENABLE_STRICT_OBJC_MSGSEND = YES;
				GCC_C_LANGUAGE_STANDARD = gnu11;
				GCC_NO_COMMON_BLOCKS = YES;
				GCC_WARN_64_TO_32_BIT_CONVERSION = YES;
				GCC_WARN_ABOUT_RETURN_TYPE = YES_ERROR;
				GCC_WARN_UNDECLARED_SELECTOR = YES;
				GCC_WARN_UNINITIALIZED_AUTOS = YES_AGGRESSIVE;
				GCC_WARN_UNUSED_FUNCTION = YES;
				GCC_WARN_UNUSED_VARIABLE = YES;
				IPHONEOS_DEPLOYMENT_TARGET = 14.2;
				MTL_ENABLE_DEBUG_INFO = NO;
				MTL_FAST_MATH = YES;
				SDKROOT = iphoneos;
				SWIFT_COMPILATION_MODE = wholemodule;
				SWIFT_OPTIMIZATION_LEVEL = "-O";
				VALIDATE_PRODUCT = YES;
			};
			name = Release;
		};
		EEA590E4255F5E4E00B8F856 /* Debug */ = {
			isa = XCBuildConfiguration;
			baseConfigurationReference = E45E24FFEC3B10333A34C4F7 /* Pods-SEES.debug.xcconfig */;
			buildSettings = {
				ASSETCATALOG_COMPILER_APPICON_NAME = AppIcon;
				ASSETCATALOG_COMPILER_GLOBAL_ACCENT_COLOR_NAME = AccentColor;
				CLANG_ENABLE_MODULES = YES;
				CODE_SIGN_STYLE = Automatic;
				DEVELOPMENT_TEAM = 2PZN25HHY7;
				"EXCLUDED_ARCHS[sdk=iphonesimulator*]" = arm64;
				INFOPLIST_FILE = SEES/Info.plist;
				LD_RUNPATH_SEARCH_PATHS = (
					"$(inherited)",
					"@executable_path/Frameworks",
				);
				PRODUCT_BUNDLE_IDENTIFIER = com.robertparsonsdev.SEES;
				PRODUCT_NAME = "$(TARGET_NAME)";
				SWIFT_OPTIMIZATION_LEVEL = "-Onone";
				SWIFT_VERSION = 5.0;
				TARGETED_DEVICE_FAMILY = 1;
			};
			name = Debug;
		};
		EEA590E5255F5E4E00B8F856 /* Release */ = {
			isa = XCBuildConfiguration;
			baseConfigurationReference = 73006512DD1B120087C2ECDF /* Pods-SEES.release.xcconfig */;
			buildSettings = {
				ASSETCATALOG_COMPILER_APPICON_NAME = AppIcon;
				ASSETCATALOG_COMPILER_GLOBAL_ACCENT_COLOR_NAME = AccentColor;
				CLANG_ENABLE_MODULES = YES;
				CODE_SIGN_STYLE = Automatic;
				DEVELOPMENT_TEAM = 2PZN25HHY7;
				INFOPLIST_FILE = SEES/Info.plist;
				LD_RUNPATH_SEARCH_PATHS = (
					"$(inherited)",
					"@executable_path/Frameworks",
				);
				PRODUCT_BUNDLE_IDENTIFIER = com.robertparsonsdev.SEES;
				PRODUCT_NAME = "$(TARGET_NAME)";
				SWIFT_VERSION = 5.0;
				TARGETED_DEVICE_FAMILY = 1;
			};
			name = Release;
		};
/* End XCBuildConfiguration section */

/* Begin XCConfigurationList section */
		EEA590CA255F5E4A00B8F856 /* Build configuration list for PBXProject "SEES" */ = {
			isa = XCConfigurationList;
			buildConfigurations = (
				EEA590E1255F5E4E00B8F856 /* Debug */,
				EEA590E2255F5E4E00B8F856 /* Release */,
			);
			defaultConfigurationIsVisible = 0;
			defaultConfigurationName = Release;
		};
		EEA590E3255F5E4E00B8F856 /* Build configuration list for PBXNativeTarget "SEES" */ = {
			isa = XCConfigurationList;
			buildConfigurations = (
				EEA590E4255F5E4E00B8F856 /* Debug */,
				EEA590E5255F5E4E00B8F856 /* Release */,
			);
			defaultConfigurationIsVisible = 0;
			defaultConfigurationName = Release;
		};
/* End XCConfigurationList section */
	};
	rootObject = EEA590C7255F5E4A00B8F856 /* Project object */;
}
